
Microsoft Visual Studio Solution File, Format Version 12.00
# Visual Studio Version 16
VisualStudioVersion = 16.0.31112.23
MinimumVisualStudioVersion = 10.0.40219.1
Project("{2150E333-8FDC-42A3-9474-1A3956D46DE8}") = "Solution Items", "Solution Items", "{7BDB511F-5B2E-4C27-B608-505C43FC2B80}"
	ProjectSection(SolutionItems) = preProject
		LICENSE = LICENSE
		README.md = README.md
	EndProjectSection
EndProject
Project("{FAE04EC0-301F-11D3-BF4B-00C04F79EFBC}") = "WinTaskKiller.Logic", "WinTaskKiller.Logic\WinTaskKiller.Logic.csproj", "{9FBA03DE-95D3-42D1-B0A9-F50B77EE85C9}"
EndProject
Project("{FAE04EC0-301F-11D3-BF4B-00C04F79EFBC}") = "WinTaskKiller.WpfApp", "WinTaskKiller.WpfApp\WinTaskKiller.WpfApp.csproj", "{7E97BE6E-E474-4E12-8C9C-DC6E5AD4BE5C}"
EndProject
Project("{FAE04EC0-301F-11D3-BF4B-00C04F79EFBC}") = "WinTaskKiller.ConApp", "WinTaskKiller.ConApp\WinTaskKiller.ConApp.csproj", "{1A86B5EA-EFF1-4D3C-AC50-45FC975D2EA5}"
EndProject
Global
	GlobalSection(SolutionConfigurationPlatforms) = preSolution
		Debug|Any CPU = Debug|Any CPU
		Release|Any CPU = Release|Any CPU
	EndGlobalSection
	GlobalSection(ProjectConfigurationPlatforms) = postSolution
		{9FBA03DE-95D3-42D1-B0A9-F50B77EE85C9}.Debug|Any CPU.ActiveCfg = Debug|Any CPU
		{9FBA03DE-95D3-42D1-B0A9-F50B77EE85C9}.Debug|Any CPU.Build.0 = Debug|Any CPU
		{9FBA03DE-95D3-42D1-B0A9-F50B77EE85C9}.Release|Any CPU.ActiveCfg = Release|Any CPU
		{9FBA03DE-95D3-42D1-B0A9-F50B77EE85C9}.Release|Any CPU.Build.0 = Release|Any CPU
		{7E97BE6E-E474-4E12-8C9C-DC6E5AD4BE5C}.Debug|Any CPU.ActiveCfg = Debug|Any CPU
		{7E97BE6E-E474-4E12-8C9C-DC6E5AD4BE5C}.Debug|Any CPU.Build.0 = Debug|Any CPU
		{7E97BE6E-E474-4E12-8C9C-DC6E5AD4BE5C}.Release|Any CPU.ActiveCfg = Release|Any CPU
		{7E97BE6E-E474-4E12-8C9C-DC6E5AD4BE5C}.Release|Any CPU.Build.0 = Release|Any CPU
		{1A86B5EA-EFF1-4D3C-AC50-45FC975D2EA5}.Debug|Any CPU.ActiveCfg = Debug|Any CPU
		{1A86B5EA-EFF1-4D3C-AC50-45FC975D2EA5}.Debug|Any CPU.Build.0 = Debug|Any CPU
		{1A86B5EA-EFF1-4D3C-AC50-45FC975D2EA5}.Release|Any CPU.ActiveCfg = Release|Any CPU
		{1A86B5EA-EFF1-4D3C-AC50-45FC975D2EA5}.Release|Any CPU.Build.0 = Release|Any CPU
	EndGlobalSection
	GlobalSection(SolutionProperties) = preSolution
		HideSolutionNode = FALSE
	EndGlobalSection
	GlobalSection(ExtensibilityGlobals) = postSolution
		SolutionGuid = {E65E2873-AC76-439A-BFDA-32C57A936E6D}
	EndGlobalSection
EndGlobal
